
Microsoft Visual Studio Solution File, Format Version 12.00
# Visual Studio Version 16
VisualStudioVersion = 16.0.30517.126
MinimumVisualStudioVersion = 10.0.40219.1
Project("{FAE04EC0-301F-11D3-BF4B-00C04F79EFBC}") = "FunctionsWithReturns", "FunctionsWithReturns\FunctionsWithReturns.csproj", "{E82E3C1D-45C1-4439-A8B1-94F7813BCE91}"
EndProject
Project("{FAE04EC0-301F-11D3-BF4B-00C04F79EFBC}") = "EpicFight", "EpicFight\EpicFight.csproj", "{F7DB7634-A40F-40F4-BA44-04358277BE4B}"
EndProject
Global
	GlobalSection(SolutionConfigurationPlatforms) = preSolution
		Debug|Any CPU = Debug|Any CPU
		Release|Any CPU = Release|Any CPU
	EndGlobalSection
	GlobalSection(ProjectConfigurationPlatforms) = postSolution
		{E82E3C1D-45C1-4439-A8B1-94F7813BCE91}.Debug|Any CPU.ActiveCfg = Debug|Any CPU
		{E82E3C1D-45C1-4439-A8B1-94F7813BCE91}.Debug|Any CPU.Build.0 = Debug|Any CPU
		{E82E3C1D-45C1-4439-A8B1-94F7813BCE91}.Release|Any CPU.ActiveCfg = Release|Any CPU
		{E82E3C1D-45C1-4439-A8B1-94F7813BCE91}.Release|Any CPU.Build.0 = Release|Any CPU
		{F7DB7634-A40F-40F4-BA44-04358277BE4B}.Debug|Any CPU.ActiveCfg = Debug|Any CPU
		{F7DB7634-A40F-40F4-BA44-04358277BE4B}.Debug|Any CPU.Build.0 = Debug|Any CPU
		{F7DB7634-A40F-40F4-BA44-04358277BE4B}.Release|Any CPU.ActiveCfg = Release|Any CPU
		{F7DB7634-A40F-40F4-BA44-04358277BE4B}.Release|Any CPU.Build.0 = Release|Any CPU
	EndGlobalSection
	GlobalSection(SolutionProperties) = preSolution
		HideSolutionNode = FALSE
	EndGlobalSection
	GlobalSection(ExtensibilityGlobals) = postSolution
		SolutionGuid = {29714B34-855D-49FE-8214-E83E87750D8C}
	EndGlobalSection
EndGlobal
